
Microsoft Visual Studio Solution File, Format Version 12.00
# Visual Studio Version 17
VisualStudioVersion = 17.1.32210.238
MinimumVisualStudioVersion = 10.0.40219.1
Project("{FAE04EC0-301F-11D3-BF4B-00C04F79EFBC}") = "rpg", "rpg\rpg.csproj", "{CA29F099-1D7E-4F9F-A69C-7F3598717844}"
EndProject
Global
	GlobalSection(SolutionConfigurationPlatforms) = preSolution
		Debug|Any CPU = Debug|Any CPU
		Release|Any CPU = Release|Any CPU
	EndGlobalSection
	GlobalSection(ProjectConfigurationPlatforms) = postSolution
		{CA29F099-1D7E-4F9F-A69C-7F3598717844}.Debug|Any CPU.ActiveCfg = Debug|Any CPU
		{CA29F099-1D7E-4F9F-A69C-7F3598717844}.Debug|Any CPU.Build.0 = Debug|Any CPU
		{CA29F099-1D7E-4F9F-A69C-7F3598717844}.Release|Any CPU.ActiveCfg = Release|Any CPU
		{CA29F099-1D7E-4F9F-A69C-7F3598717844}.Release|Any CPU.Build.0 = Release|Any CPU
	EndGlobalSection
	GlobalSection(SolutionProperties) = preSolution
		HideSolutionNode = FALSE
	EndGlobalSection
	GlobalSection(ExtensibilityGlobals) = postSolution
		SolutionGuid = {AB4DCA9C-FF3B-406E-9D37-F0C76939FCB3}
	EndGlobalSection
EndGlobal
